// !$*UTF8*$!
{
	archiveVersion = 1;
	classes = {
	};
	objectVersion = 46;
	objects = {

/* Begin PBXBuildFile section */
		26C3D4EC6629E50DD76399C8 /* Pods_AHDataModel_Example.framework in Frameworks */ = {isa = PBXBuildFile; fileRef = A2BB8A65EF83D6F8651B017E /* Pods_AHDataModel_Example.framework */; };
		607FACD61AFB9204008FA782 /* AppDelegate.swift in Sources */ = {isa = PBXBuildFile; fileRef = 607FACD51AFB9204008FA782 /* AppDelegate.swift */; };
		607FACD81AFB9204008FA782 /* ViewController.swift in Sources */ = {isa = PBXBuildFile; fileRef = 607FACD71AFB9204008FA782 /* ViewController.swift */; };
		607FACDB1AFB9204008FA782 /* Main.storyboard in Resources */ = {isa = PBXBuildFile; fileRef = 607FACD91AFB9204008FA782 /* Main.storyboard */; };
		607FACDD1AFB9204008FA782 /* Images.xcassets in Resources */ = {isa = PBXBuildFile; fileRef = 607FACDC1AFB9204008FA782 /* Images.xcassets */; };
		607FACE01AFB9204008FA782 /* LaunchScreen.xib in Resources */ = {isa = PBXBuildFile; fileRef = 607FACDE1AFB9204008FA782 /* LaunchScreen.xib */; };
		A173B0A81F77273900168D14 /* DogModel.swift in Sources */ = {isa = PBXBuildFile; fileRef = A1AFBD421F725562002F5D43 /* DogModel.swift */; };
		A173B0A91F77273900168D14 /* Master.swift in Sources */ = {isa = PBXBuildFile; fileRef = A1AFBD431F725562002F5D43 /* Master.swift */; };
		A173B0AA1F77273900168D14 /* UserModel.swift in Sources */ = {isa = PBXBuildFile; fileRef = A1AFBD441F725562002F5D43 /* UserModel.swift */; };
		A173B0AB1F77273900168D14 /* ChatModel.swift in Sources */ = {isa = PBXBuildFile; fileRef = A1AFBD651F74F16B002F5D43 /* ChatModel.swift */; };
		A173B0AC1F77273900168D14 /* MigrationModel.swift in Sources */ = {isa = PBXBuildFile; fileRef = A1AFBD671F762E4C002F5D43 /* MigrationModel.swift */; };
		A1AFBD521F725C93002F5D43 /* AHDataModel_ExampleTests.swift in Sources */ = {isa = PBXBuildFile; fileRef = A1AFBD511F725C93002F5D43 /* AHDataModel_ExampleTests.swift */; };
		A1AFBD591F725CC2002F5D43 /* DogModel.swift in Sources */ = {isa = PBXBuildFile; fileRef = A1AFBD421F725562002F5D43 /* DogModel.swift */; };
		A1AFBD5A1F725CC2002F5D43 /* Master.swift in Sources */ = {isa = PBXBuildFile; fileRef = A1AFBD431F725562002F5D43 /* Master.swift */; };
		A1AFBD5B1F725CC2002F5D43 /* UserModel.swift in Sources */ = {isa = PBXBuildFile; fileRef = A1AFBD441F725562002F5D43 /* UserModel.swift */; };
		A1AFBD601F748389002F5D43 /* AHDataModel_Migration_Tests.swift in Sources */ = {isa = PBXBuildFile; fileRef = A1AFBD5F1F748389002F5D43 /* AHDataModel_Migration_Tests.swift */; };
		A1AFBD661F74F16B002F5D43 /* ChatModel.swift in Sources */ = {isa = PBXBuildFile; fileRef = A1AFBD651F74F16B002F5D43 /* ChatModel.swift */; };
		A1AFBD681F762E4C002F5D43 /* MigrationModel.swift in Sources */ = {isa = PBXBuildFile; fileRef = A1AFBD671F762E4C002F5D43 /* MigrationModel.swift */; };
		B305F10691012E56141015E9 /* Pods_AHDataModel_ExampleTests.framework in Frameworks */ = {isa = PBXBuildFile; fileRef = 75BF6E87502D1EA40150154E /* Pods_AHDataModel_ExampleTests.framework */; };
/* End PBXBuildFile section */

/* Begin PBXContainerItemProxy section */
		A1AFBD541F725C93002F5D43 /* PBXContainerItemProxy */ = {
			isa = PBXContainerItemProxy;
			containerPortal = 607FACC81AFB9204008FA782 /* Project object */;
			proxyType = 1;
			remoteGlobalIDString = 607FACCF1AFB9204008FA782;
			remoteInfo = AHDataModel_Example;
		};
/* End PBXContainerItemProxy section */

/* Begin PBXFileReference section */
		279200A8A153E1E2E799ED02 /* README.md */ = {isa = PBXFileReference; includeInIndex = 1; lastKnownFileType = net.daringfireball.markdown; name = README.md; path = ../README.md; sourceTree = "<group>"; };
		54456F9606AD0857AD63C5F5 /* AHDataModel.podspec */ = {isa = PBXFileReference; includeInIndex = 1; lastKnownFileType = text; name = AHDataModel.podspec; path = ../AHDataModel.podspec; sourceTree = "<group>"; };
		5D311F507B233CFACCE3E37D /* Pods-AHDataModel_ExampleTests.release.xcconfig */ = {isa = PBXFileReference; includeInIndex = 1; lastKnownFileType = text.xcconfig; name = "Pods-AHDataModel_ExampleTests.release.xcconfig"; path = "Pods/Target Support Files/Pods-AHDataModel_ExampleTests/Pods-AHDataModel_ExampleTests.release.xcconfig"; sourceTree = "<group>"; };
		607FACD01AFB9204008FA782 /* AHDataModel_Example.app */ = {isa = PBXFileReference; explicitFileType = wrapper.application; includeInIndex = 0; path = AHDataModel_Example.app; sourceTree = BUILT_PRODUCTS_DIR; };
		607FACD41AFB9204008FA782 /* Info.plist */ = {isa = PBXFileReference; lastKnownFileType = text.plist.xml; path = Info.plist; sourceTree = "<group>"; };
		607FACD51AFB9204008FA782 /* AppDelegate.swift */ = {isa = PBXFileReference; lastKnownFileType = sourcecode.swift; path = AppDelegate.swift; sourceTree = "<group>"; };
		607FACD71AFB9204008FA782 /* ViewController.swift */ = {isa = PBXFileReference; lastKnownFileType = sourcecode.swift; path = ViewController.swift; sourceTree = "<group>"; };
		607FACDA1AFB9204008FA782 /* Base */ = {isa = PBXFileReference; lastKnownFileType = file.storyboard; name = Base; path = Base.lproj/Main.storyboard; sourceTree = "<group>"; };
		607FACDC1AFB9204008FA782 /* Images.xcassets */ = {isa = PBXFileReference; lastKnownFileType = folder.assetcatalog; path = Images.xcassets; sourceTree = "<group>"; };
		607FACDF1AFB9204008FA782 /* Base */ = {isa = PBXFileReference; lastKnownFileType = file.xib; name = Base; path = Base.lproj/LaunchScreen.xib; sourceTree = "<group>"; };
		607FACEA1AFB9204008FA782 /* Info.plist */ = {isa = PBXFileReference; lastKnownFileType = text.plist.xml; path = Info.plist; sourceTree = "<group>"; };
		607FACEB1AFB9204008FA782 /* Tests.swift */ = {isa = PBXFileReference; lastKnownFileType = sourcecode.swift; path = Tests.swift; sourceTree = "<group>"; };
		6A12A19BB1811DFF6EEBAE20 /* Pods-AHDataModel_Tests.debug.xcconfig */ = {isa = PBXFileReference; includeInIndex = 1; lastKnownFileType = text.xcconfig; name = "Pods-AHDataModel_Tests.debug.xcconfig"; path = "Pods/Target Support Files/Pods-AHDataModel_Tests/Pods-AHDataModel_Tests.debug.xcconfig"; sourceTree = "<group>"; };
		71E545070EFA7BD7E6CE9D59 /* Pods-AHDataModel_Tests.release.xcconfig */ = {isa = PBXFileReference; includeInIndex = 1; lastKnownFileType = text.xcconfig; name = "Pods-AHDataModel_Tests.release.xcconfig"; path = "Pods/Target Support Files/Pods-AHDataModel_Tests/Pods-AHDataModel_Tests.release.xcconfig"; sourceTree = "<group>"; };
		75BF6E87502D1EA40150154E /* Pods_AHDataModel_ExampleTests.framework */ = {isa = PBXFileReference; explicitFileType = wrapper.framework; includeInIndex = 0; path = Pods_AHDataModel_ExampleTests.framework; sourceTree = BUILT_PRODUCTS_DIR; };
		A1AFBD421F725562002F5D43 /* DogModel.swift */ = {isa = PBXFileReference; fileEncoding = 4; lastKnownFileType = sourcecode.swift; name = DogModel.swift; path = ../Tests/DogModel.swift; sourceTree = "<group>"; };
		A1AFBD431F725562002F5D43 /* Master.swift */ = {isa = PBXFileReference; fileEncoding = 4; lastKnownFileType = sourcecode.swift; name = Master.swift; path = ../Tests/Master.swift; sourceTree = "<group>"; };
		A1AFBD441F725562002F5D43 /* UserModel.swift */ = {isa = PBXFileReference; fileEncoding = 4; lastKnownFileType = sourcecode.swift; name = UserModel.swift; path = ../Tests/UserModel.swift; sourceTree = "<group>"; };
		A1AFBD4F1F725C93002F5D43 /* AHDataModel_ExampleTests.xctest */ = {isa = PBXFileReference; explicitFileType = wrapper.cfbundle; includeInIndex = 0; path = AHDataModel_ExampleTests.xctest; sourceTree = BUILT_PRODUCTS_DIR; };
		A1AFBD511F725C93002F5D43 /* AHDataModel_ExampleTests.swift */ = {isa = PBXFileReference; lastKnownFileType = sourcecode.swift; path = AHDataModel_ExampleTests.swift; sourceTree = "<group>"; };
		A1AFBD531F725C93002F5D43 /* Info.plist */ = {isa = PBXFileReference; lastKnownFileType = text.plist.xml; path = Info.plist; sourceTree = "<group>"; };
		A1AFBD5F1F748389002F5D43 /* AHDataModel_Migration_Tests.swift */ = {isa = PBXFileReference; fileEncoding = 4; lastKnownFileType = sourcecode.swift; path = AHDataModel_Migration_Tests.swift; sourceTree = "<group>"; };
		A1AFBD651F74F16B002F5D43 /* ChatModel.swift */ = {isa = PBXFileReference; fileEncoding = 4; lastKnownFileType = sourcecode.swift; path = ChatModel.swift; sourceTree = "<group>"; };
		A1AFBD671F762E4C002F5D43 /* MigrationModel.swift */ = {isa = PBXFileReference; fileEncoding = 4; lastKnownFileType = sourcecode.swift; path = MigrationModel.swift; sourceTree = "<group>"; };
		A279647DA0DEF0A8BF5AD60F /* Pods-AHDataModel_Example.debug.xcconfig */ = {isa = PBXFileReference; includeInIndex = 1; lastKnownFileType = text.xcconfig; name = "Pods-AHDataModel_Example.debug.xcconfig"; path = "Pods/Target Support Files/Pods-AHDataModel_Example/Pods-AHDataModel_Example.debug.xcconfig"; sourceTree = "<group>"; };
		A2BB8A65EF83D6F8651B017E /* Pods_AHDataModel_Example.framework */ = {isa = PBXFileReference; explicitFileType = wrapper.framework; includeInIndex = 0; path = Pods_AHDataModel_Example.framework; sourceTree = BUILT_PRODUCTS_DIR; };
		E39FF43C8799D2E88689E499 /* Pods-AHDataModel_Example.release.xcconfig */ = {isa = PBXFileReference; includeInIndex = 1; lastKnownFileType = text.xcconfig; name = "Pods-AHDataModel_Example.release.xcconfig"; path = "Pods/Target Support Files/Pods-AHDataModel_Example/Pods-AHDataModel_Example.release.xcconfig"; sourceTree = "<group>"; };
		E57C9BAEAADE0E2AC8B4DED5 /* LICENSE */ = {isa = PBXFileReference; includeInIndex = 1; lastKnownFileType = text; name = LICENSE; path = ../LICENSE; sourceTree = "<group>"; };
		ECFD4EF892E26267A815CC5F /* Pods-AHDataModel_ExampleTests.debug.xcconfig */ = {isa = PBXFileReference; includeInIndex = 1; lastKnownFileType = text.xcconfig; name = "Pods-AHDataModel_ExampleTests.debug.xcconfig"; path = "Pods/Target Support Files/Pods-AHDataModel_ExampleTests/Pods-AHDataModel_ExampleTests.debug.xcconfig"; sourceTree = "<group>"; };
		F985080271DF6A1ED385F487 /* Pods_AHDataModel_Tests.framework */ = {isa = PBXFileReference; explicitFileType = wrapper.framework; includeInIndex = 0; path = Pods_AHDataModel_Tests.framework; sourceTree = BUILT_PRODUCTS_DIR; };
/* End PBXFileReference section */

/* Begin PBXFrameworksBuildPhase section */
		607FACCD1AFB9204008FA782 /* Frameworks */ = {
			isa = PBXFrameworksBuildPhase;
			buildActionMask = 2147483647;
			files = (
				26C3D4EC6629E50DD76399C8 /* Pods_AHDataModel_Example.framework in Frameworks */,
			);
			runOnlyForDeploymentPostprocessing = 0;
		};
		A1AFBD4C1F725C93002F5D43 /* Frameworks */ = {
			isa = PBXFrameworksBuildPhase;
			buildActionMask = 2147483647;
			files = (
				B305F10691012E56141015E9 /* Pods_AHDataModel_ExampleTests.framework in Frameworks */,
			);
			runOnlyForDeploymentPostprocessing = 0;
		};
/* End PBXFrameworksBuildPhase section */

/* Begin PBXGroup section */
		2A5B275134484B7A3045DE3F /* Frameworks */ = {
			isa = PBXGroup;
			children = (
				A2BB8A65EF83D6F8651B017E /* Pods_AHDataModel_Example.framework */,
				F985080271DF6A1ED385F487 /* Pods_AHDataModel_Tests.framework */,
				75BF6E87502D1EA40150154E /* Pods_AHDataModel_ExampleTests.framework */,
			);
			name = Frameworks;
			sourceTree = "<group>";
		};
		31A8387C8E0CE95FA58483FD /* Pods */ = {
			isa = PBXGroup;
			children = (
				A279647DA0DEF0A8BF5AD60F /* Pods-AHDataModel_Example.debug.xcconfig */,
				E39FF43C8799D2E88689E499 /* Pods-AHDataModel_Example.release.xcconfig */,
				6A12A19BB1811DFF6EEBAE20 /* Pods-AHDataModel_Tests.debug.xcconfig */,
				71E545070EFA7BD7E6CE9D59 /* Pods-AHDataModel_Tests.release.xcconfig */,
				ECFD4EF892E26267A815CC5F /* Pods-AHDataModel_ExampleTests.debug.xcconfig */,
				5D311F507B233CFACCE3E37D /* Pods-AHDataModel_ExampleTests.release.xcconfig */,
			);
			name = Pods;
			sourceTree = "<group>";
		};
		607FACC71AFB9204008FA782 = {
			isa = PBXGroup;
			children = (
				607FACF51AFB993E008FA782 /* Podspec Metadata */,
				607FACD21AFB9204008FA782 /* Example for AHDataModel */,
				607FACE81AFB9204008FA782 /* Tests */,
				A1AFBD501F725C93002F5D43 /* AHDataModel_ExampleTests */,
				607FACD11AFB9204008FA782 /* Products */,
				31A8387C8E0CE95FA58483FD /* Pods */,
				2A5B275134484B7A3045DE3F /* Frameworks */,
			);
			sourceTree = "<group>";
		};
		607FACD11AFB9204008FA782 /* Products */ = {
			isa = PBXGroup;
			children = (
				607FACD01AFB9204008FA782 /* AHDataModel_Example.app */,
				A1AFBD4F1F725C93002F5D43 /* AHDataModel_ExampleTests.xctest */,
			);
			name = Products;
			sourceTree = "<group>";
		};
		607FACD21AFB9204008FA782 /* Example for AHDataModel */ = {
			isa = PBXGroup;
			children = (
				607FACD51AFB9204008FA782 /* AppDelegate.swift */,
				607FACD71AFB9204008FA782 /* ViewController.swift */,
				607FACD91AFB9204008FA782 /* Main.storyboard */,
				607FACDC1AFB9204008FA782 /* Images.xcassets */,
				607FACDE1AFB9204008FA782 /* LaunchScreen.xib */,
				607FACD31AFB9204008FA782 /* Supporting Files */,
			);
			name = "Example for AHDataModel";
			path = AHDataModel;
			sourceTree = "<group>";
		};
		607FACD31AFB9204008FA782 /* Supporting Files */ = {
			isa = PBXGroup;
			children = (
				607FACD41AFB9204008FA782 /* Info.plist */,
			);
			name = "Supporting Files";
			sourceTree = "<group>";
		};
		607FACE81AFB9204008FA782 /* Tests */ = {
			isa = PBXGroup;
			children = (
				607FACEB1AFB9204008FA782 /* Tests.swift */,
				607FACE91AFB9204008FA782 /* Supporting Files */,
			);
			path = Tests;
			sourceTree = "<group>";
		};
		607FACE91AFB9204008FA782 /* Supporting Files */ = {
			isa = PBXGroup;
			children = (
				607FACEA1AFB9204008FA782 /* Info.plist */,
			);
			name = "Supporting Files";
			sourceTree = "<group>";
		};
		607FACF51AFB993E008FA782 /* Podspec Metadata */ = {
			isa = PBXGroup;
			children = (
				54456F9606AD0857AD63C5F5 /* AHDataModel.podspec */,
				279200A8A153E1E2E799ED02 /* README.md */,
				E57C9BAEAADE0E2AC8B4DED5 /* LICENSE */,
			);
			name = "Podspec Metadata";
			sourceTree = "<group>";
		};
		A1AFBD501F725C93002F5D43 /* AHDataModel_ExampleTests */ = {
			isa = PBXGroup;
			children = (
				A1AFBD421F725562002F5D43 /* DogModel.swift */,
				A1AFBD431F725562002F5D43 /* Master.swift */,
				A1AFBD441F725562002F5D43 /* UserModel.swift */,
				A1AFBD651F74F16B002F5D43 /* ChatModel.swift */,
				A1AFBD511F725C93002F5D43 /* AHDataModel_ExampleTests.swift */,
				A1AFBD671F762E4C002F5D43 /* MigrationModel.swift */,
				A1AFBD5F1F748389002F5D43 /* AHDataModel_Migration_Tests.swift */,
				A1AFBD531F725C93002F5D43 /* Info.plist */,
			);
			path = AHDataModel_ExampleTests;
			sourceTree = "<group>";
		};
/* End PBXGroup section */

/* Begin PBXNativeTarget section */
		607FACCF1AFB9204008FA782 /* AHDataModel_Example */ = {
			isa = PBXNativeTarget;
			buildConfigurationList = 607FACEF1AFB9204008FA782 /* Build configuration list for PBXNativeTarget "AHDataModel_Example" */;
			buildPhases = (
				B579A8CE07733264A6E2C65E /* [CP] Check Pods Manifest.lock */,
				607FACCC1AFB9204008FA782 /* Sources */,
				607FACCD1AFB9204008FA782 /* Frameworks */,
				607FACCE1AFB9204008FA782 /* Resources */,
				A50F398001DB253C4BB6DDC6 /* [CP] Embed Pods Frameworks */,
				F2B23A41AA4242B2BBFF2AEE /* [CP] Copy Pods Resources */,
			);
			buildRules = (
			);
			dependencies = (
			);
			name = AHDataModel_Example;
			productName = AHDataModel;
			productReference = 607FACD01AFB9204008FA782 /* AHDataModel_Example.app */;
			productType = "com.apple.product-type.application";
		};
		A1AFBD4E1F725C93002F5D43 /* AHDataModel_ExampleTests */ = {
			isa = PBXNativeTarget;
			buildConfigurationList = A1AFBD581F725C93002F5D43 /* Build configuration list for PBXNativeTarget "AHDataModel_ExampleTests" */;
			buildPhases = (
				FE7EF8A29CF96F8604018BAE /* [CP] Check Pods Manifest.lock */,
				A1AFBD4B1F725C93002F5D43 /* Sources */,
				A1AFBD4C1F725C93002F5D43 /* Frameworks */,
				A1AFBD4D1F725C93002F5D43 /* Resources */,
				64EE31F9D6F463CE323AF8FC /* [CP] Embed Pods Frameworks */,
				1E40B9DD913AF204425300F8 /* [CP] Copy Pods Resources */,
			);
			buildRules = (
			);
			dependencies = (
				A1AFBD551F725C93002F5D43 /* PBXTargetDependency */,
			);
			name = AHDataModel_ExampleTests;
			productName = AHDataModel_ExampleTests;
			productReference = A1AFBD4F1F725C93002F5D43 /* AHDataModel_ExampleTests.xctest */;
			productType = "com.apple.product-type.bundle.unit-test";
		};
/* End PBXNativeTarget section */

/* Begin PBXProject section */
		607FACC81AFB9204008FA782 /* Project object */ = {
			isa = PBXProject;
			attributes = {
				LastSwiftUpdateCheck = 0830;
				LastUpgradeCheck = 0820;
				ORGANIZATIONNAME = CocoaPods;
				TargetAttributes = {
					607FACCF1AFB9204008FA782 = {
						CreatedOnToolsVersion = 6.3.1;
						DevelopmentTeam = MVFF28UQZP;
						LastSwiftMigration = 0820;
					};
					A1AFBD4E1F725C93002F5D43 = {
						CreatedOnToolsVersion = 8.3.2;
						DevelopmentTeam = MVFF28UQZP;
						ProvisioningStyle = Automatic;
						TestTargetID = 607FACCF1AFB9204008FA782;
					};
				};
			};
			buildConfigurationList = 607FACCB1AFB9204008FA782 /* Build configuration list for PBXProject "AHDataModel" */;
			compatibilityVersion = "Xcode 3.2";
			developmentRegion = English;
			hasScannedForEncodings = 0;
			knownRegions = (
				en,
				Base,
			);
			mainGroup = 607FACC71AFB9204008FA782;
			productRefGroup = 607FACD11AFB9204008FA782 /* Products */;
			projectDirPath = "";
			projectRoot = "";
			targets = (
				607FACCF1AFB9204008FA782 /* AHDataModel_Example */,
				A1AFBD4E1F725C93002F5D43 /* AHDataModel_ExampleTests */,
			);
		};
/* End PBXProject section */

/* Begin PBXResourcesBuildPhase section */
		607FACCE1AFB9204008FA782 /* Resources */ = {
			isa = PBXResourcesBuildPhase;
			buildActionMask = 2147483647;
			files = (
				607FACDB1AFB9204008FA782 /* Main.storyboard in Resources */,
				607FACE01AFB9204008FA782 /* LaunchScreen.xib in Resources */,
				607FACDD1AFB9204008FA782 /* Images.xcassets in Resources */,
			);
			runOnlyForDeploymentPostprocessing = 0;
		};
		A1AFBD4D1F725C93002F5D43 /* Resources */ = {
			isa = PBXResourcesBuildPhase;
			buildActionMask = 2147483647;
			files = (
			);
			runOnlyForDeploymentPostprocessing = 0;
		};
/* End PBXResourcesBuildPhase section */

/* Begin PBXShellScriptBuildPhase section */
		1E40B9DD913AF204425300F8 /* [CP] Copy Pods Resources */ = {
			isa = PBXShellScriptBuildPhase;
			buildActionMask = 2147483647;
			files = (
			);
			inputPaths = (
			);
			name = "[CP] Copy Pods Resources";
			outputPaths = (
			);
			runOnlyForDeploymentPostprocessing = 0;
			shellPath = /bin/sh;
			shellScript = "\"${SRCROOT}/Pods/Target Support Files/Pods-AHDataModel_ExampleTests/Pods-AHDataModel_ExampleTests-resources.sh\"\n";
			showEnvVarsInLog = 0;
		};
		64EE31F9D6F463CE323AF8FC /* [CP] Embed Pods Frameworks */ = {
			isa = PBXShellScriptBuildPhase;
			buildActionMask = 2147483647;
			files = (
			);
			inputPaths = (
			);
			name = "[CP] Embed Pods Frameworks";
			outputPaths = (
			);
			runOnlyForDeploymentPostprocessing = 0;
			shellPath = /bin/sh;
			shellScript = "\"${SRCROOT}/Pods/Target Support Files/Pods-AHDataModel_ExampleTests/Pods-AHDataModel_ExampleTests-frameworks.sh\"\n";
			showEnvVarsInLog = 0;
		};
		A50F398001DB253C4BB6DDC6 /* [CP] Embed Pods Frameworks */ = {
			isa = PBXShellScriptBuildPhase;
			buildActionMask = 2147483647;
			files = (
			);
			inputPaths = (
				"${SRCROOT}/Pods/Target Support Files/Pods-AHDataModel_Example/Pods-AHDataModel_Example-frameworks.sh",
				"${BUILT_PRODUCTS_DIR}/AHDataModel/AHDataModel.framework",
			);
			name = "[CP] Embed Pods Frameworks";
			outputPaths = (
				"${TARGET_BUILD_DIR}/${FRAMEWORKS_FOLDER_PATH}/AHDataModel.framework",
			);
			runOnlyForDeploymentPostprocessing = 0;
			shellPath = /bin/sh;
			shellScript = "\"${SRCROOT}/Pods/Target Support Files/Pods-AHDataModel_Example/Pods-AHDataModel_Example-frameworks.sh\"\n";
			showEnvVarsInLog = 0;
		};
		B579A8CE07733264A6E2C65E /* [CP] Check Pods Manifest.lock */ = {
			isa = PBXShellScriptBuildPhase;
			buildActionMask = 2147483647;
			files = (
			);
			inputPaths = (
				"${PODS_PODFILE_DIR_PATH}/Podfile.lock",
				"${PODS_ROOT}/Manifest.lock",
			);
			name = "[CP] Check Pods Manifest.lock";
			outputPaths = (
				"$(DERIVED_FILE_DIR)/Pods-AHDataModel_Example-checkManifestLockResult.txt",
			);
			runOnlyForDeploymentPostprocessing = 0;
			shellPath = /bin/sh;
			shellScript = "diff \"${PODS_PODFILE_DIR_PATH}/Podfile.lock\" \"${PODS_ROOT}/Manifest.lock\" > /dev/null\nif [ $? != 0 ] ; then\n    # print error to STDERR\n    echo \"error: The sandbox is not in sync with the Podfile.lock. Run 'pod install' or update your CocoaPods installation.\" >&2\n    exit 1\nfi\n# This output is used by Xcode 'outputs' to avoid re-running this script phase.\necho \"SUCCESS\" > \"${SCRIPT_OUTPUT_FILE_0}\"\n";
			showEnvVarsInLog = 0;
		};
		F2B23A41AA4242B2BBFF2AEE /* [CP] Copy Pods Resources */ = {
			isa = PBXShellScriptBuildPhase;
			buildActionMask = 2147483647;
			files = (
			);
			inputPaths = (
			);
			name = "[CP] Copy Pods Resources";
			outputPaths = (
			);
			runOnlyForDeploymentPostprocessing = 0;
			shellPath = /bin/sh;
			shellScript = "\"${SRCROOT}/Pods/Target Support Files/Pods-AHDataModel_Example/Pods-AHDataModel_Example-resources.sh\"\n";
			showEnvVarsInLog = 0;
		};
		FE7EF8A29CF96F8604018BAE /* [CP] Check Pods Manifest.lock */ = {
			isa = PBXShellScriptBuildPhase;
			buildActionMask = 2147483647;
			files = (
			);
			inputPaths = (
				"${PODS_PODFILE_DIR_PATH}/Podfile.lock",
				"${PODS_ROOT}/Manifest.lock",
			);
			name = "[CP] Check Pods Manifest.lock";
			outputPaths = (
				"$(DERIVED_FILE_DIR)/Pods-AHDataModel_ExampleTests-checkManifestLockResult.txt",
			);
			runOnlyForDeploymentPostprocessing = 0;
			shellPath = /bin/sh;
			shellScript = "diff \"${PODS_PODFILE_DIR_PATH}/Podfile.lock\" \"${PODS_ROOT}/Manifest.lock\" > /dev/null\nif [ $? != 0 ] ; then\n    # print error to STDERR\n    echo \"error: The sandbox is not in sync with the Podfile.lock. Run 'pod install' or update your CocoaPods installation.\" >&2\n    exit 1\nfi\n# This output is used by Xcode 'outputs' to avoid re-running this script phase.\necho \"SUCCESS\" > \"${SCRIPT_OUTPUT_FILE_0}\"\n";
			showEnvVarsInLog = 0;
		};
/* End PBXShellScriptBuildPhase section */

/* Begin PBXSourcesBuildPhase section */
		607FACCC1AFB9204008FA782 /* Sources */ = {
			isa = PBXSourcesBuildPhase;
			buildActionMask = 2147483647;
			files = (
				607FACD81AFB9204008FA782 /* ViewController.swift in Sources */,
				A173B0A81F77273900168D14 /* DogModel.swift in Sources */,
				607FACD61AFB9204008FA782 /* AppDelegate.swift in Sources */,
				A173B0AC1F77273900168D14 /* MigrationModel.swift in Sources */,
				A173B0AA1F77273900168D14 /* UserModel.swift in Sources */,
				A173B0A91F77273900168D14 /* Master.swift in Sources */,
				A173B0AB1F77273900168D14 /* ChatModel.swift in Sources */,
			);
			runOnlyForDeploymentPostprocessing = 0;
		};
		A1AFBD4B1F725C93002F5D43 /* Sources */ = {
			isa = PBXSourcesBuildPhase;
			buildActionMask = 2147483647;
			files = (
				A1AFBD5A1F725CC2002F5D43 /* Master.swift in Sources */,
				A1AFBD591F725CC2002F5D43 /* DogModel.swift in Sources */,
				A1AFBD5B1F725CC2002F5D43 /* UserModel.swift in Sources */,
				A1AFBD681F762E4C002F5D43 /* MigrationModel.swift in Sources */,
				A1AFBD521F725C93002F5D43 /* AHDataModel_ExampleTests.swift in Sources */,
				A1AFBD601F748389002F5D43 /* AHDataModel_Migration_Tests.swift in Sources */,
				A1AFBD661F74F16B002F5D43 /* ChatModel.swift in Sources */,
			);
			runOnlyForDeploymentPostprocessing = 0;
		};
/* End PBXSourcesBuildPhase section */

/* Begin PBXTargetDependency section */
		A1AFBD551F725C93002F5D43 /* PBXTargetDependency */ = {
			isa = PBXTargetDependency;
			target = 607FACCF1AFB9204008FA782 /* AHDataModel_Example */;
			targetProxy = A1AFBD541F725C93002F5D43 /* PBXContainerItemProxy */;
		};
/* End PBXTargetDependency section */

/* Begin PBXVariantGroup section */
		607FACD91AFB9204008FA782 /* Main.storyboard */ = {
			isa = PBXVariantGroup;
			children = (
				607FACDA1AFB9204008FA782 /* Base */,
			);
			name = Main.storyboard;
			sourceTree = "<group>";
		};
		607FACDE1AFB9204008FA782 /* LaunchScreen.xib */ = {
			isa = PBXVariantGroup;
			children = (
				607FACDF1AFB9204008FA782 /* Base */,
			);
			name = LaunchScreen.xib;
			sourceTree = "<group>";
		};
/* End PBXVariantGroup section */

/* Begin XCBuildConfiguration section */
		607FACED1AFB9204008FA782 /* Debug */ = {
			isa = XCBuildConfiguration;
			buildSettings = {
				ALWAYS_SEARCH_USER_PATHS = NO;
				CLANG_CXX_LANGUAGE_STANDARD = "gnu++0x";
				CLANG_CXX_LIBRARY = "libc++";
				CLANG_ENABLE_MODULES = YES;
				CLANG_ENABLE_OBJC_ARC = YES;
				CLANG_WARN_BOOL_CONVERSION = YES;
				CLANG_WARN_CONSTANT_CONVERSION = YES;
				CLANG_WARN_DIRECT_OBJC_ISA_USAGE = YES_ERROR;
				CLANG_WARN_EMPTY_BODY = YES;
				CLANG_WARN_ENUM_CONVERSION = YES;
				CLANG_WARN_INFINITE_RECURSION = YES;
				CLANG_WARN_INT_CONVERSION = YES;
				CLANG_WARN_OBJC_ROOT_CLASS = YES_ERROR;
				CLANG_WARN_SUSPICIOUS_MOVE = YES;
				CLANG_WARN_UNREACHABLE_CODE = YES;
				CLANG_WARN__DUPLICATE_METHOD_MATCH = YES;
				"CODE_SIGN_IDENTITY[sdk=iphoneos*]" = "iPhone Developer";
				COPY_PHASE_STRIP = NO;
				DEBUG_INFORMATION_FORMAT = "dwarf-with-dsym";
				ENABLE_STRICT_OBJC_MSGSEND = YES;
				ENABLE_TESTABILITY = YES;
				GCC_C_LANGUAGE_STANDARD = gnu99;
				GCC_DYNAMIC_NO_PIC = NO;
				GCC_NO_COMMON_BLOCKS = YES;
				GCC_OPTIMIZATION_LEVEL = 0;
				GCC_PREPROCESSOR_DEFINITIONS = (
					"DEBUG=1",
					"$(inherited)",
				);
				GCC_SYMBOLS_PRIVATE_EXTERN = NO;
				GCC_WARN_64_TO_32_BIT_CONVERSION = YES;
				GCC_WARN_ABOUT_RETURN_TYPE = YES_ERROR;
				GCC_WARN_UNDECLARED_SELECTOR = YES;
				GCC_WARN_UNINITIALIZED_AUTOS = YES_AGGRESSIVE;
				GCC_WARN_UNUSED_FUNCTION = YES;
				GCC_WARN_UNUSED_VARIABLE = YES;
				IPHONEOS_DEPLOYMENT_TARGET = 8.3;
				MTL_ENABLE_DEBUG_INFO = YES;
				ONLY_ACTIVE_ARCH = YES;
				SDKROOT = iphoneos;
				SWIFT_OPTIMIZATION_LEVEL = "-Onone";
				SWIFT_VERSION = 4.0;
			};
			name = Debug;
		};
		607FACEE1AFB9204008FA782 /* Release */ = {
			isa = XCBuildConfiguration;
			buildSettings = {
				ALWAYS_SEARCH_USER_PATHS = NO;
				CLANG_CXX_LANGUAGE_STANDARD = "gnu++0x";
				CLANG_CXX_LIBRARY = "libc++";
				CLANG_ENABLE_MODULES = YES;
				CLANG_ENABLE_OBJC_ARC = YES;
				CLANG_WARN_BOOL_CONVERSION = YES;
				CLANG_WARN_CONSTANT_CONVERSION = YES;
				CLANG_WARN_DIRECT_OBJC_ISA_USAGE = YES_ERROR;
				CLANG_WARN_EMPTY_BODY = YES;
				CLANG_WARN_ENUM_CONVERSION = YES;
				CLANG_WARN_INFINITE_RECURSION = YES;
				CLANG_WARN_INT_CONVERSION = YES;
				CLANG_WARN_OBJC_ROOT_CLASS = YES_ERROR;
				CLANG_WARN_SUSPICIOUS_MOVE = YES;
				CLANG_WARN_UNREACHABLE_CODE = YES;
				CLANG_WARN__DUPLICATE_METHOD_MATCH = YES;
				"CODE_SIGN_IDENTITY[sdk=iphoneos*]" = "iPhone Developer";
				COPY_PHASE_STRIP = NO;
				DEBUG_INFORMATION_FORMAT = "dwarf-with-dsym";
				ENABLE_NS_ASSERTIONS = NO;
				ENABLE_STRICT_OBJC_MSGSEND = YES;
				GCC_C_LANGUAGE_STANDARD = gnu99;
				GCC_NO_COMMON_BLOCKS = YES;
				GCC_WARN_64_TO_32_BIT_CONVERSION = YES;
				GCC_WARN_ABOUT_RETURN_TYPE = YES_ERROR;
				GCC_WARN_UNDECLARED_SELECTOR = YES;
				GCC_WARN_UNINITIALIZED_AUTOS = YES_AGGRESSIVE;
				GCC_WARN_UNUSED_FUNCTION = YES;
				GCC_WARN_UNUSED_VARIABLE = YES;
				IPHONEOS_DEPLOYMENT_TARGET = 8.3;
				MTL_ENABLE_DEBUG_INFO = NO;
				SDKROOT = iphoneos;
				SWIFT_OPTIMIZATION_LEVEL = "-Owholemodule";
				SWIFT_VERSION = 4.0;
				VALIDATE_PRODUCT = YES;
			};
			name = Release;
		};
		607FACF01AFB9204008FA782 /* Debug */ = {
			isa = XCBuildConfiguration;
			baseConfigurationReference = A279647DA0DEF0A8BF5AD60F /* Pods-AHDataModel_Example.debug.xcconfig */;
			buildSettings = {
				ASSETCATALOG_COMPILER_APPICON_NAME = AppIcon;
				DEVELOPMENT_TEAM = MVFF28UQZP;
				INFOPLIST_FILE = AHDataModel/Info.plist;
				LD_RUNPATH_SEARCH_PATHS = "$(inherited) @executable_path/Frameworks";
				MODULE_NAME = ExampleApp;
				PRODUCT_BUNDLE_IDENTIFIER = "org.cocoapods.demo.$(PRODUCT_NAME:rfc1034identifier)";
				PRODUCT_NAME = "$(TARGET_NAME)";
				SWIFT_VERSION = 4.0;
			};
			name = Debug;
		};
		607FACF11AFB9204008FA782 /* Release */ = {
			isa = XCBuildConfiguration;
			baseConfigurationReference = E39FF43C8799D2E88689E499 /* Pods-AHDataModel_Example.release.xcconfig */;
			buildSettings = {
				ASSETCATALOG_COMPILER_APPICON_NAME = AppIcon;
				DEVELOPMENT_TEAM = MVFF28UQZP;
				INFOPLIST_FILE = AHDataModel/Info.plist;
				LD_RUNPATH_SEARCH_PATHS = "$(inherited) @executable_path/Frameworks";
				MODULE_NAME = ExampleApp;
				PRODUCT_BUNDLE_IDENTIFIER = "org.cocoapods.demo.$(PRODUCT_NAME:rfc1034identifier)";
				PRODUCT_NAME = "$(TARGET_NAME)";
				SWIFT_VERSION = 4.0;
			};
			name = Release;
		};
		A1AFBD561F725C93002F5D43 /* Debug */ = {
			isa = XCBuildConfiguration;
			baseConfigurationReference = ECFD4EF892E26267A815CC5F /* Pods-AHDataModel_ExampleTests.debug.xcconfig */;
			buildSettings = {
				BUNDLE_LOADER = "$(TEST_HOST)";
				CLANG_ANALYZER_NONNULL = YES;
				CLANG_ANALYZER_NUMBER_OBJECT_CONVERSION = YES_AGGRESSIVE;
				CLANG_WARN_DOCUMENTATION_COMMENTS = YES;
				DEBUG_INFORMATION_FORMAT = dwarf;
				DEVELOPMENT_TEAM = MVFF28UQZP;
				INFOPLIST_FILE = AHDataModel_ExampleTests/Info.plist;
				IPHONEOS_DEPLOYMENT_TARGET = 10.3;
				LD_RUNPATH_SEARCH_PATHS = "$(inherited) @executable_path/Frameworks @loader_path/Frameworks";
				PRODUCT_BUNDLE_IDENTIFIER = "com.AndyHurricane.ios.AHDataModel-ExampleTests";
				PRODUCT_NAME = "$(TARGET_NAME)";
				SWIFT_ACTIVE_COMPILATION_CONDITIONS = DEBUG;
				SWIFT_VERSION = 4.0;
				TEST_HOST = "$(BUILT_PRODUCTS_DIR)/AHDataModel_Example.app/AHDataModel_Example";
			};
			name = Debug;
		};
		A1AFBD571F725C93002F5D43 /* Release */ = {
			isa = XCBuildConfiguration;
			baseConfigurationReference = 5D311F507B233CFACCE3E37D /* Pods-AHDataModel_ExampleTests.release.xcconfig */;
			buildSettings = {
				BUNDLE_LOADER = "$(TEST_HOST)";
				CLANG_ANALYZER_NONNULL = YES;
				CLANG_ANALYZER_NUMBER_OBJECT_CONVERSION = YES_AGGRESSIVE;
				CLANG_WARN_DOCUMENTATION_COMMENTS = YES;
				DEVELOPMENT_TEAM = MVFF28UQZP;
				INFOPLIST_FILE = AHDataModel_ExampleTests/Info.plist;
				IPHONEOS_DEPLOYMENT_TARGET = 10.3;
				LD_RUNPATH_SEARCH_PATHS = "$(inherited) @executable_path/Frameworks @loader_path/Frameworks";
				PRODUCT_BUNDLE_IDENTIFIER = "com.AndyHurricane.ios.AHDataModel-ExampleTests";
				PRODUCT_NAME = "$(TARGET_NAME)";
				SWIFT_VERSION = 4.0;
				TEST_HOST = "$(BUILT_PRODUCTS_DIR)/AHDataModel_Example.app/AHDataModel_Example";
			};
			name = Release;
		};
/* End XCBuildConfiguration section */

/* Begin XCConfigurationList section */
		607FACCB1AFB9204008FA782 /* Build configuration list for PBXProject "AHDataModel" */ = {
			isa = XCConfigurationList;
			buildConfigurations = (
				607FACED1AFB9204008FA782 /* Debug */,
				607FACEE1AFB9204008FA782 /* Release */,
			);
			defaultConfigurationIsVisible = 0;
			defaultConfigurationName = Release;
		};
		607FACEF1AFB9204008FA782 /* Build configuration list for PBXNativeTarget "AHDataModel_Example" */ = {
			isa = XCConfigurationList;
			buildConfigurations = (
				607FACF01AFB9204008FA782 /* Debug */,
				607FACF11AFB9204008FA782 /* Release */,
			);
			defaultConfigurationIsVisible = 0;
			defaultConfigurationName = Release;
		};
		A1AFBD581F725C93002F5D43 /* Build configuration list for PBXNativeTarget "AHDataModel_ExampleTests" */ = {
			isa = XCConfigurationList;
			buildConfigurations = (
				A1AFBD561F725C93002F5D43 /* Debug */,
				A1AFBD571F725C93002F5D43 /* Release */,
			);
			defaultConfigurationIsVisible = 0;
			defaultConfigurationName = Release;
		};
/* End XCConfigurationList section */
	};
	rootObject = 607FACC81AFB9204008FA782 /* Project object */;
}
